
Microsoft Visual Studio Solution File, Format Version 12.00
# Visual Studio Version 16
VisualStudioVersion = 16.0.32106.194
MinimumVisualStudioVersion = 10.0.40219.1
Project("{FAE04EC0-301F-11D3-BF4B-00C04F79EFBC}") = "lab006", "lab006\lab006.csproj", "{46A7949A-6C28-4C68-8F1D-95FEE5DBC6FF}"
EndProject
Global
	GlobalSection(SolutionConfigurationPlatforms) = preSolution
		Debug|Any CPU = Debug|Any CPU
		Release|Any CPU = Release|Any CPU
	EndGlobalSection
	GlobalSection(ProjectConfigurationPlatforms) = postSolution
		{46A7949A-6C28-4C68-8F1D-95FEE5DBC6FF}.Debug|Any CPU.ActiveCfg = Debug|Any CPU
		{46A7949A-6C28-4C68-8F1D-95FEE5DBC6FF}.Debug|Any CPU.Build.0 = Debug|Any CPU
		{46A7949A-6C28-4C68-8F1D-95FEE5DBC6FF}.Release|Any CPU.ActiveCfg = Release|Any CPU
		{46A7949A-6C28-4C68-8F1D-95FEE5DBC6FF}.Release|Any CPU.Build.0 = Release|Any CPU
	EndGlobalSection
	GlobalSection(SolutionProperties) = preSolution
		HideSolutionNode = FALSE
	EndGlobalSection
	GlobalSection(ExtensibilityGlobals) = postSolution
		SolutionGuid = {74542ADF-8656-4080-BA68-43102114CA72}
	EndGlobalSection
EndGlobal
